
Microsoft Visual Studio Solution File, Format Version 12.00
# Visual Studio Version 17
VisualStudioVersion = 17.9.34728.123
MinimumVisualStudioVersion = 10.0.40219.1
Project("{9A19103F-16F7-4668-BE54-9A1E7A4F7556}") = "TasksProcessing.API", "TasksProcessing.API\TasksProcessing.API.csproj", "{C99AD3DD-52B5-4EAE-ACF2-203723165ADE}"
EndProject
Project("{9A19103F-16F7-4668-BE54-9A1E7A4F7556}") = "TasksProcessing.DataAccess", "TasksProcessing.DataAccess\TasksProcessing.DataAccess.csproj", "{A7B0301C-E382-4007-AD64-7D7D390D28F1}"
EndProject
Project("{9A19103F-16F7-4668-BE54-9A1E7A4F7556}") = "TasksProcessing.Logic", "TasksProcessing.Logic\TasksProcessing.Logic.csproj", "{131FD934-D610-4196-9709-08ACA9DE5B62}"
EndProject
Global
	GlobalSection(SolutionConfigurationPlatforms) = preSolution
		Debug|Any CPU = Debug|Any CPU
		Release|Any CPU = Release|Any CPU
	EndGlobalSection
	GlobalSection(ProjectConfigurationPlatforms) = postSolution
		{C99AD3DD-52B5-4EAE-ACF2-203723165ADE}.Debug|Any CPU.ActiveCfg = Debug|Any CPU
		{C99AD3DD-52B5-4EAE-ACF2-203723165ADE}.Debug|Any CPU.Build.0 = Debug|Any CPU
		{C99AD3DD-52B5-4EAE-ACF2-203723165ADE}.Release|Any CPU.ActiveCfg = Release|Any CPU
		{C99AD3DD-52B5-4EAE-ACF2-203723165ADE}.Release|Any CPU.Build.0 = Release|Any CPU
		{A7B0301C-E382-4007-AD64-7D7D390D28F1}.Debug|Any CPU.ActiveCfg = Debug|Any CPU
		{A7B0301C-E382-4007-AD64-7D7D390D28F1}.Debug|Any CPU.Build.0 = Debug|Any CPU
		{A7B0301C-E382-4007-AD64-7D7D390D28F1}.Release|Any CPU.ActiveCfg = Release|Any CPU
		{A7B0301C-E382-4007-AD64-7D7D390D28F1}.Release|Any CPU.Build.0 = Release|Any CPU
		{131FD934-D610-4196-9709-08ACA9DE5B62}.Debug|Any CPU.ActiveCfg = Debug|Any CPU
		{131FD934-D610-4196-9709-08ACA9DE5B62}.Debug|Any CPU.Build.0 = Debug|Any CPU
		{131FD934-D610-4196-9709-08ACA9DE5B62}.Release|Any CPU.ActiveCfg = Release|Any CPU
		{131FD934-D610-4196-9709-08ACA9DE5B62}.Release|Any CPU.Build.0 = Release|Any CPU
	EndGlobalSection
	GlobalSection(SolutionProperties) = preSolution
		HideSolutionNode = FALSE
	EndGlobalSection
	GlobalSection(ExtensibilityGlobals) = postSolution
		SolutionGuid = {6FEEF540-8F29-4D29-9092-B2A0DC6420B2}
	EndGlobalSection
EndGlobal
